
Microsoft Visual Studio Solution File, Format Version 12.00
# Visual Studio Version 16
VisualStudioVersion = 16.0.30523.141
MinimumVisualStudioVersion = 10.0.40219.1
Project("{FAE04EC0-301F-11D3-BF4B-00C04F79EFBC}") = "Uppgift_10.1", "Uppgift_10.1\Uppgift_10.1.csproj", "{B68475A8-B74C-4348-9F5F-00D8E0243443}"
EndProject
Global
	GlobalSection(SolutionConfigurationPlatforms) = preSolution
		Debug|Any CPU = Debug|Any CPU
		Release|Any CPU = Release|Any CPU
	EndGlobalSection
	GlobalSection(ProjectConfigurationPlatforms) = postSolution
		{B68475A8-B74C-4348-9F5F-00D8E0243443}.Debug|Any CPU.ActiveCfg = Debug|Any CPU
		{B68475A8-B74C-4348-9F5F-00D8E0243443}.Debug|Any CPU.Build.0 = Debug|Any CPU
		{B68475A8-B74C-4348-9F5F-00D8E0243443}.Release|Any CPU.ActiveCfg = Release|Any CPU
		{B68475A8-B74C-4348-9F5F-00D8E0243443}.Release|Any CPU.Build.0 = Release|Any CPU
	EndGlobalSection
	GlobalSection(SolutionProperties) = preSolution
		HideSolutionNode = FALSE
	EndGlobalSection
	GlobalSection(ExtensibilityGlobals) = postSolution
		SolutionGuid = {02C2AB72-0BF8-4CB2-94BE-A9FB0206FDEA}
	EndGlobalSection
EndGlobal
