
Microsoft Visual Studio Solution File, Format Version 12.00
# Visual Studio Version 16
VisualStudioVersion = 16.0.30517.126
MinimumVisualStudioVersion = 10.0.40219.1
Project("{FAE04EC0-301F-11D3-BF4B-00C04F79EFBC}") = "Uppgift_9.1", "Uppgift_9.1\Uppgift_9.1.csproj", "{1A908B0B-CB58-49D7-B87A-1B40E34513FF}"
EndProject
Global
	GlobalSection(SolutionConfigurationPlatforms) = preSolution
		Debug|Any CPU = Debug|Any CPU
		Release|Any CPU = Release|Any CPU
	EndGlobalSection
	GlobalSection(ProjectConfigurationPlatforms) = postSolution
		{1A908B0B-CB58-49D7-B87A-1B40E34513FF}.Debug|Any CPU.ActiveCfg = Debug|Any CPU
		{1A908B0B-CB58-49D7-B87A-1B40E34513FF}.Debug|Any CPU.Build.0 = Debug|Any CPU
		{1A908B0B-CB58-49D7-B87A-1B40E34513FF}.Release|Any CPU.ActiveCfg = Release|Any CPU
		{1A908B0B-CB58-49D7-B87A-1B40E34513FF}.Release|Any CPU.Build.0 = Release|Any CPU
	EndGlobalSection
	GlobalSection(SolutionProperties) = preSolution
		HideSolutionNode = FALSE
	EndGlobalSection
	GlobalSection(ExtensibilityGlobals) = postSolution
		SolutionGuid = {BDADCB73-B50B-45AB-859E-675F0339B3EA}
	EndGlobalSection
EndGlobal
