
Microsoft Visual Studio Solution File, Format Version 12.00
# Visual Studio Version 16
VisualStudioVersion = 16.0.30523.141
MinimumVisualStudioVersion = 10.0.40219.1
Project("{FAE04EC0-301F-11D3-BF4B-00C04F79EFBC}") = "Uppgift_10.4_b", "Uppgift_10.4_b\Uppgift_10.4_b.csproj", "{928CD44B-9933-48C4-9B4A-3BBA58ECDD7A}"
EndProject
Global
	GlobalSection(SolutionConfigurationPlatforms) = preSolution
		Debug|Any CPU = Debug|Any CPU
		Release|Any CPU = Release|Any CPU
	EndGlobalSection
	GlobalSection(ProjectConfigurationPlatforms) = postSolution
		{928CD44B-9933-48C4-9B4A-3BBA58ECDD7A}.Debug|Any CPU.ActiveCfg = Debug|Any CPU
		{928CD44B-9933-48C4-9B4A-3BBA58ECDD7A}.Debug|Any CPU.Build.0 = Debug|Any CPU
		{928CD44B-9933-48C4-9B4A-3BBA58ECDD7A}.Release|Any CPU.ActiveCfg = Release|Any CPU
		{928CD44B-9933-48C4-9B4A-3BBA58ECDD7A}.Release|Any CPU.Build.0 = Release|Any CPU
	EndGlobalSection
	GlobalSection(SolutionProperties) = preSolution
		HideSolutionNode = FALSE
	EndGlobalSection
	GlobalSection(ExtensibilityGlobals) = postSolution
		SolutionGuid = {4848FB81-92B4-49DD-9A38-E648CC86CC95}
	EndGlobalSection
EndGlobal
