
Microsoft Visual Studio Solution File, Format Version 12.00
# Visual Studio Version 16
VisualStudioVersion = 16.0.30503.244
MinimumVisualStudioVersion = 10.0.40219.1
Project("{FAE04EC0-301F-11D3-BF4B-00C04F79EFBC}") = "Uppgift_7.6", "Uppgift_7.6\Uppgift_7.6.csproj", "{26BFF08A-FB3C-4C53-AE73-277956234622}"
EndProject
Global
	GlobalSection(SolutionConfigurationPlatforms) = preSolution
		Debug|Any CPU = Debug|Any CPU
		Release|Any CPU = Release|Any CPU
	EndGlobalSection
	GlobalSection(ProjectConfigurationPlatforms) = postSolution
		{26BFF08A-FB3C-4C53-AE73-277956234622}.Debug|Any CPU.ActiveCfg = Debug|Any CPU
		{26BFF08A-FB3C-4C53-AE73-277956234622}.Debug|Any CPU.Build.0 = Debug|Any CPU
		{26BFF08A-FB3C-4C53-AE73-277956234622}.Release|Any CPU.ActiveCfg = Release|Any CPU
		{26BFF08A-FB3C-4C53-AE73-277956234622}.Release|Any CPU.Build.0 = Release|Any CPU
	EndGlobalSection
	GlobalSection(SolutionProperties) = preSolution
		HideSolutionNode = FALSE
	EndGlobalSection
	GlobalSection(ExtensibilityGlobals) = postSolution
		SolutionGuid = {B2951A79-E300-495E-9191-1565FCF4BC7F}
	EndGlobalSection
EndGlobal
