
Microsoft Visual Studio Solution File, Format Version 12.00
# Visual Studio Version 16
VisualStudioVersion = 16.0.30523.141
MinimumVisualStudioVersion = 10.0.40219.1
Project("{FAE04EC0-301F-11D3-BF4B-00C04F79EFBC}") = "Uppgift_10.3", "Uppgift_10.3\Uppgift_10.3.csproj", "{3931D116-8E76-4104-A227-1E392D385BD3}"
EndProject
Global
	GlobalSection(SolutionConfigurationPlatforms) = preSolution
		Debug|Any CPU = Debug|Any CPU
		Release|Any CPU = Release|Any CPU
	EndGlobalSection
	GlobalSection(ProjectConfigurationPlatforms) = postSolution
		{3931D116-8E76-4104-A227-1E392D385BD3}.Debug|Any CPU.ActiveCfg = Debug|Any CPU
		{3931D116-8E76-4104-A227-1E392D385BD3}.Debug|Any CPU.Build.0 = Debug|Any CPU
		{3931D116-8E76-4104-A227-1E392D385BD3}.Release|Any CPU.ActiveCfg = Release|Any CPU
		{3931D116-8E76-4104-A227-1E392D385BD3}.Release|Any CPU.Build.0 = Release|Any CPU
	EndGlobalSection
	GlobalSection(SolutionProperties) = preSolution
		HideSolutionNode = FALSE
	EndGlobalSection
	GlobalSection(ExtensibilityGlobals) = postSolution
		SolutionGuid = {1C1DBFBE-C711-4CC2-8A7C-6CEFFB2D7BC0}
	EndGlobalSection
EndGlobal
