
Microsoft Visual Studio Solution File, Format Version 12.00
# Visual Studio Version 16
VisualStudioVersion = 16.0.30517.126
MinimumVisualStudioVersion = 10.0.40219.1
Project("{FAE04EC0-301F-11D3-BF4B-00C04F79EFBC}") = "Uppgift_9.2", "Uppgift_9.2\Uppgift_9.2.csproj", "{54879CE9-1A69-4883-8A03-0369671478F1}"
EndProject
Global
	GlobalSection(SolutionConfigurationPlatforms) = preSolution
		Debug|Any CPU = Debug|Any CPU
		Release|Any CPU = Release|Any CPU
	EndGlobalSection
	GlobalSection(ProjectConfigurationPlatforms) = postSolution
		{54879CE9-1A69-4883-8A03-0369671478F1}.Debug|Any CPU.ActiveCfg = Debug|Any CPU
		{54879CE9-1A69-4883-8A03-0369671478F1}.Debug|Any CPU.Build.0 = Debug|Any CPU
		{54879CE9-1A69-4883-8A03-0369671478F1}.Release|Any CPU.ActiveCfg = Release|Any CPU
		{54879CE9-1A69-4883-8A03-0369671478F1}.Release|Any CPU.Build.0 = Release|Any CPU
	EndGlobalSection
	GlobalSection(SolutionProperties) = preSolution
		HideSolutionNode = FALSE
	EndGlobalSection
	GlobalSection(ExtensibilityGlobals) = postSolution
		SolutionGuid = {B81663CB-3405-4B4B-9676-52FB9C7EE4B2}
	EndGlobalSection
EndGlobal
