
Microsoft Visual Studio Solution File, Format Version 12.00
# Visual Studio Version 16
VisualStudioVersion = 16.0.30413.136
MinimumVisualStudioVersion = 10.0.40219.1
Project("{FAE04EC0-301F-11D3-BF4B-00C04F79EFBC}") = "Övning_3.1", "Övning_3.1\Övning_3.1.csproj", "{EA0480E9-C278-4FE9-80D2-7DF28201B787}"
EndProject
Project("{FAE04EC0-301F-11D3-BF4B-00C04F79EFBC}") = "Övning_3.2", "Övning_3.2\Övning_3.2.csproj", "{83314B0F-C062-4545-83E0-35CF06C8EA25}"
EndProject
Project("{FAE04EC0-301F-11D3-BF4B-00C04F79EFBC}") = "Övning_3.3", "Övning_3.3\Övning_3.3.csproj", "{9F421797-C228-4DF2-BC00-460E3B1097F8}"
EndProject
Project("{FAE04EC0-301F-11D3-BF4B-00C04F79EFBC}") = "Övning_3.4a", "Övning_3.4\Övning_3.4a.csproj", "{D4612E79-F1B5-46BE-8F1A-60943C0BE566}"
EndProject
Project("{FAE04EC0-301F-11D3-BF4B-00C04F79EFBC}") = "Övning_3.4b", "Övning_3.4b\Övning_3.4b.csproj", "{7C9A22DD-2CAC-42E8-9187-146335AF5B1F}"
EndProject
Global
	GlobalSection(SolutionConfigurationPlatforms) = preSolution
		Debug|Any CPU = Debug|Any CPU
		Release|Any CPU = Release|Any CPU
	EndGlobalSection
	GlobalSection(ProjectConfigurationPlatforms) = postSolution
		{EA0480E9-C278-4FE9-80D2-7DF28201B787}.Debug|Any CPU.ActiveCfg = Debug|Any CPU
		{EA0480E9-C278-4FE9-80D2-7DF28201B787}.Debug|Any CPU.Build.0 = Debug|Any CPU
		{EA0480E9-C278-4FE9-80D2-7DF28201B787}.Release|Any CPU.ActiveCfg = Release|Any CPU
		{EA0480E9-C278-4FE9-80D2-7DF28201B787}.Release|Any CPU.Build.0 = Release|Any CPU
		{83314B0F-C062-4545-83E0-35CF06C8EA25}.Debug|Any CPU.ActiveCfg = Debug|Any CPU
		{83314B0F-C062-4545-83E0-35CF06C8EA25}.Debug|Any CPU.Build.0 = Debug|Any CPU
		{83314B0F-C062-4545-83E0-35CF06C8EA25}.Release|Any CPU.ActiveCfg = Release|Any CPU
		{83314B0F-C062-4545-83E0-35CF06C8EA25}.Release|Any CPU.Build.0 = Release|Any CPU
		{9F421797-C228-4DF2-BC00-460E3B1097F8}.Debug|Any CPU.ActiveCfg = Debug|Any CPU
		{9F421797-C228-4DF2-BC00-460E3B1097F8}.Debug|Any CPU.Build.0 = Debug|Any CPU
		{9F421797-C228-4DF2-BC00-460E3B1097F8}.Release|Any CPU.ActiveCfg = Release|Any CPU
		{9F421797-C228-4DF2-BC00-460E3B1097F8}.Release|Any CPU.Build.0 = Release|Any CPU
		{D4612E79-F1B5-46BE-8F1A-60943C0BE566}.Debug|Any CPU.ActiveCfg = Debug|Any CPU
		{D4612E79-F1B5-46BE-8F1A-60943C0BE566}.Debug|Any CPU.Build.0 = Debug|Any CPU
		{D4612E79-F1B5-46BE-8F1A-60943C0BE566}.Release|Any CPU.ActiveCfg = Release|Any CPU
		{D4612E79-F1B5-46BE-8F1A-60943C0BE566}.Release|Any CPU.Build.0 = Release|Any CPU
		{7C9A22DD-2CAC-42E8-9187-146335AF5B1F}.Debug|Any CPU.ActiveCfg = Debug|Any CPU
		{7C9A22DD-2CAC-42E8-9187-146335AF5B1F}.Debug|Any CPU.Build.0 = Debug|Any CPU
		{7C9A22DD-2CAC-42E8-9187-146335AF5B1F}.Release|Any CPU.ActiveCfg = Release|Any CPU
		{7C9A22DD-2CAC-42E8-9187-146335AF5B1F}.Release|Any CPU.Build.0 = Release|Any CPU
	EndGlobalSection
	GlobalSection(SolutionProperties) = preSolution
		HideSolutionNode = FALSE
	EndGlobalSection
	GlobalSection(ExtensibilityGlobals) = postSolution
		SolutionGuid = {F9C43247-92A3-404E-96FC-F26284C1FA05}
	EndGlobalSection
EndGlobal
